// !$*UTF8*$!
{
	archiveVersion = 1;
	classes = {
	};
	objectVersion = 46;
	objects = {

/* Begin PBXBuildFile section */
		21062ADA1F6039570003C7C4 /* HomeViewController.swift in Sources */ = {isa = PBXBuildFile; fileRef = 21062AD91F6039570003C7C4 /* HomeViewController.swift */; };
		21062ADC1F6039640003C7C4 /* MineViewController.swift in Sources */ = {isa = PBXBuildFile; fileRef = 21062ADB1F6039640003C7C4 /* MineViewController.swift */; };
		21062ADE1F60396F0003C7C4 /* RecordViewController.swift in Sources */ = {isa = PBXBuildFile; fileRef = 21062ADD1F60396F0003C7C4 /* RecordViewController.swift */; };
		21062AE11F603EA90003C7C4 /* pch.swift in Sources */ = {isa = PBXBuildFile; fileRef = 21062AE01F603EA90003C7C4 /* pch.swift */; };
		213BF84E1F60317300D60AE5 /* AppDelegate.swift in Sources */ = {isa = PBXBuildFile; fileRef = 213BF84D1F60317300D60AE5 /* AppDelegate.swift */; };
		213BF8501F60317300D60AE5 /* ViewController.swift in Sources */ = {isa = PBXBuildFile; fileRef = 213BF84F1F60317300D60AE5 /* ViewController.swift */; };
		213BF8531F60317300D60AE5 /* Main.storyboard in Resources */ = {isa = PBXBuildFile; fileRef = 213BF8511F60317300D60AE5 /* Main.storyboard */; };
		213BF8551F60317300D60AE5 /* Assets.xcassets in Resources */ = {isa = PBXBuildFile; fileRef = 213BF8541F60317300D60AE5 /* Assets.xcassets */; };
		213BF8581F60317300D60AE5 /* LaunchScreen.storyboard in Resources */ = {isa = PBXBuildFile; fileRef = 213BF8561F60317300D60AE5 /* LaunchScreen.storyboard */; };
		213BF8631F60317300D60AE5 /* fenzhiTests.swift in Sources */ = {isa = PBXBuildFile; fileRef = 213BF8621F60317300D60AE5 /* fenzhiTests.swift */; };
		213BF86E1F60317300D60AE5 /* fenzhiUITests.swift in Sources */ = {isa = PBXBuildFile; fileRef = 213BF86D1F60317300D60AE5 /* fenzhiUITests.swift */; };
		214AF58E1F6187F400CA786A /* TeachReleaseViewController.swift in Sources */ = {isa = PBXBuildFile; fileRef = 214AF58D1F6187F400CA786A /* TeachReleaseViewController.swift */; };
		214AF5901F61881900CA786A /* HeartReleaseViewController.swift in Sources */ = {isa = PBXBuildFile; fileRef = 214AF58F1F61881900CA786A /* HeartReleaseViewController.swift */; };
		2154EBAD1F68205900C992D1 /* RSAUtils.swift in Sources */ = {isa = PBXBuildFile; fileRef = 2154EBAC1F68205900C992D1 /* RSAUtils.swift */; };
		215592311F66D2800091A822 /* LoginViewController.swift in Sources */ = {isa = PBXBuildFile; fileRef = 215592301F66D2800091A822 /* LoginViewController.swift */; };
		21570C8D1F653572003C7D38 /* api.swift in Sources */ = {isa = PBXBuildFile; fileRef = 21570C8C1F653572003C7D38 /* api.swift */; };
		21570C8F1F653CB2003C7D38 /* fzStr.swift in Sources */ = {isa = PBXBuildFile; fileRef = 21570C8E1F653CB2003C7D38 /* fzStr.swift */; };
		21570C921F6579ED003C7D38 /* UserInfoViewController.swift in Sources */ = {isa = PBXBuildFile; fileRef = 21570C911F6579ED003C7D38 /* UserInfoViewController.swift */; };
		21570C951F659002003C7D38 /* MainTableViewCell.swift in Sources */ = {isa = PBXBuildFile; fileRef = 21570C941F659002003C7D38 /* MainTableViewCell.swift */; };
		2178823B1F67E43D00365735 /* RSA.m in Sources */ = {isa = PBXBuildFile; fileRef = 2178823A1F67E43D00365735 /* RSA.m */; };
		21BD78771F618C1600539E8D /* BaseViewController.swift in Sources */ = {isa = PBXBuildFile; fileRef = 21BD78761F618C1600539E8D /* BaseViewController.swift */; };
		21EE65AE1F6A54DE00806B62 /* ResModel.swift in Sources */ = {isa = PBXBuildFile; fileRef = 21EE65AD1F6A54DE00806B62 /* ResModel.swift */; };
		21EE65B01F6A5B5800806B62 /* ResModelMaper.swift in Sources */ = {isa = PBXBuildFile; fileRef = 21EE65AF1F6A5B5800806B62 /* ResModelMaper.swift */; };
		21EE65B31F6A7C1900806B62 /* UpIconTableViewCell.swift in Sources */ = {isa = PBXBuildFile; fileRef = 21EE65B21F6A7C1900806B62 /* UpIconTableViewCell.swift */; };
		21EE65B51F6A7C2600806B62 /* InfoTableViewCell.swift in Sources */ = {isa = PBXBuildFile; fileRef = 21EE65B41F6A7C2600806B62 /* InfoTableViewCell.swift */; };
		21F1C5981F68E002002FC28A /* UserInfoModel.swift in Sources */ = {isa = PBXBuildFile; fileRef = 21F1C5971F68E002002FC28A /* UserInfoModel.swift */; };
		21F1C59A1F68E103002FC28A /* LoginModelMapper.swift in Sources */ = {isa = PBXBuildFile; fileRef = 21F1C5991F68E103002FC28A /* LoginModelMapper.swift */; };
		21F1C59C1F6906B8002FC28A /* RegisterViewController.swift in Sources */ = {isa = PBXBuildFile; fileRef = 21F1C59B1F6906B8002FC28A /* RegisterViewController.swift */; };
		21F1C59E1F691CAF002FC28A /* SmsModel.swift in Sources */ = {isa = PBXBuildFile; fileRef = 21F1C59D1F691CAF002FC28A /* SmsModel.swift */; };
		21F1C5A01F6924EB002FC28A /* InfoViewController.swift in Sources */ = {isa = PBXBuildFile; fileRef = 21F1C59F1F6924EB002FC28A /* InfoViewController.swift */; };
		21F842211F6267ED00A54D68 /* HeartTableViewCell.swift in Sources */ = {isa = PBXBuildFile; fileRef = 21F842201F6267ED00A54D68 /* HeartTableViewCell.swift */; };
		21FA059F1F6783A20083EFD4 /* LogDataMangerViewController.swift in Sources */ = {isa = PBXBuildFile; fileRef = 21FA059E1F6783A20083EFD4 /* LogDataMangerViewController.swift */; };
		21FA05A11F6784DF0083EFD4 /* FZRequestViewController.swift in Sources */ = {isa = PBXBuildFile; fileRef = 21FA05A01F6784DF0083EFD4 /* FZRequestViewController.swift */; };
		21FB3EAC1F66367500656B74 /* SettingViewController.swift in Sources */ = {isa = PBXBuildFile; fileRef = 21FB3EAB1F66367500656B74 /* SettingViewController.swift */; };
		21FB3EAE1F66392200656B74 /* TeachTableViewCell.swift in Sources */ = {isa = PBXBuildFile; fileRef = 21FB3EAD1F66392200656B74 /* TeachTableViewCell.swift */; };
		85AC0AA241E550BCCE81BA92 /* Pods_fenzhi.framework in Frameworks */ = {isa = PBXBuildFile; fileRef = 5CDF4B2D362E84A0445C1765 /* Pods_fenzhi.framework */; };
		9F1B36B82E4579C0E1ED8A93 /* Pods_fenzhiUITests.framework in Frameworks */ = {isa = PBXBuildFile; fileRef = A415FB4CE0E9595F86C656D9 /* Pods_fenzhiUITests.framework */; };
		C076668C8B97F4A97FB14A24 /* Pods_fenzhiTests.framework in Frameworks */ = {isa = PBXBuildFile; fileRef = 7DCA162FC084537701A39EDF /* Pods_fenzhiTests.framework */; };
/* End PBXBuildFile section */

/* Begin PBXContainerItemProxy section */
		213BF85F1F60317300D60AE5 /* PBXContainerItemProxy */ = {
			isa = PBXContainerItemProxy;
			containerPortal = 213BF8421F60317300D60AE5 /* Project object */;
			proxyType = 1;
			remoteGlobalIDString = 213BF8491F60317300D60AE5;
			remoteInfo = fenzhi;
		};
		213BF86A1F60317300D60AE5 /* PBXContainerItemProxy */ = {
			isa = PBXContainerItemProxy;
			containerPortal = 213BF8421F60317300D60AE5 /* Project object */;
			proxyType = 1;
			remoteGlobalIDString = 213BF8491F60317300D60AE5;
			remoteInfo = fenzhi;
		};
/* End PBXContainerItemProxy section */

/* Begin PBXFileReference section */
		08B3CAB5669AA980CD9161B0 /* Pods-fenzhiTests.release.xcconfig */ = {isa = PBXFileReference; includeInIndex = 1; lastKnownFileType = text.xcconfig; name = "Pods-fenzhiTests.release.xcconfig"; path = "Pods/Target Support Files/Pods-fenzhiTests/Pods-fenzhiTests.release.xcconfig"; sourceTree = "<group>"; };
		21062AD91F6039570003C7C4 /* HomeViewController.swift */ = {isa = PBXFileReference; fileEncoding = 4; lastKnownFileType = sourcecode.swift; path = HomeViewController.swift; sourceTree = "<group>"; };
		21062ADB1F6039640003C7C4 /* MineViewController.swift */ = {isa = PBXFileReference; fileEncoding = 4; lastKnownFileType = sourcecode.swift; path = MineViewController.swift; sourceTree = "<group>"; };
		21062ADD1F60396F0003C7C4 /* RecordViewController.swift */ = {isa = PBXFileReference; fileEncoding = 4; lastKnownFileType = sourcecode.swift; path = RecordViewController.swift; sourceTree = "<group>"; };
		21062AE01F603EA90003C7C4 /* pch.swift */ = {isa = PBXFileReference; fileEncoding = 4; lastKnownFileType = sourcecode.swift; path = pch.swift; sourceTree = "<group>"; };
		213BF84A1F60317300D60AE5 /* fenzhi.app */ = {isa = PBXFileReference; explicitFileType = wrapper.application; includeInIndex = 0; path = fenzhi.app; sourceTree = BUILT_PRODUCTS_DIR; };
		213BF84D1F60317300D60AE5 /* AppDelegate.swift */ = {isa = PBXFileReference; lastKnownFileType = sourcecode.swift; path = AppDelegate.swift; sourceTree = "<group>"; };
		213BF84F1F60317300D60AE5 /* ViewController.swift */ = {isa = PBXFileReference; lastKnownFileType = sourcecode.swift; path = ViewController.swift; sourceTree = "<group>"; };
		213BF8521F60317300D60AE5 /* Base */ = {isa = PBXFileReference; lastKnownFileType = file.storyboard; name = Base; path = Base.lproj/Main.storyboard; sourceTree = "<group>"; };
		213BF8541F60317300D60AE5 /* Assets.xcassets */ = {isa = PBXFileReference; lastKnownFileType = folder.assetcatalog; path = Assets.xcassets; sourceTree = "<group>"; };
		213BF8571F60317300D60AE5 /* Base */ = {isa = PBXFileReference; lastKnownFileType = file.storyboard; name = Base; path = Base.lproj/LaunchScreen.storyboard; sourceTree = "<group>"; };
		213BF8591F60317300D60AE5 /* Info.plist */ = {isa = PBXFileReference; lastKnownFileType = text.plist.xml; path = Info.plist; sourceTree = "<group>"; };
		213BF85E1F60317300D60AE5 /* fenzhiTests.xctest */ = {isa = PBXFileReference; explicitFileType = wrapper.cfbundle; includeInIndex = 0; path = fenzhiTests.xctest; sourceTree = BUILT_PRODUCTS_DIR; };
		213BF8621F60317300D60AE5 /* fenzhiTests.swift */ = {isa = PBXFileReference; lastKnownFileType = sourcecode.swift; path = fenzhiTests.swift; sourceTree = "<group>"; };
		213BF8641F60317300D60AE5 /* Info.plist */ = {isa = PBXFileReference; lastKnownFileType = text.plist.xml; path = Info.plist; sourceTree = "<group>"; };
		213BF8691F60317300D60AE5 /* fenzhiUITests.xctest */ = {isa = PBXFileReference; explicitFileType = wrapper.cfbundle; includeInIndex = 0; path = fenzhiUITests.xctest; sourceTree = BUILT_PRODUCTS_DIR; };
		213BF86D1F60317300D60AE5 /* fenzhiUITests.swift */ = {isa = PBXFileReference; lastKnownFileType = sourcecode.swift; path = fenzhiUITests.swift; sourceTree = "<group>"; };
		213BF86F1F60317300D60AE5 /* Info.plist */ = {isa = PBXFileReference; lastKnownFileType = text.plist.xml; path = Info.plist; sourceTree = "<group>"; };
		214AF58D1F6187F400CA786A /* TeachReleaseViewController.swift */ = {isa = PBXFileReference; fileEncoding = 4; lastKnownFileType = sourcecode.swift; path = TeachReleaseViewController.swift; sourceTree = "<group>"; };
		214AF58F1F61881900CA786A /* HeartReleaseViewController.swift */ = {isa = PBXFileReference; fileEncoding = 4; lastKnownFileType = sourcecode.swift; path = HeartReleaseViewController.swift; sourceTree = "<group>"; };
		2154EBAC1F68205900C992D1 /* RSAUtils.swift */ = {isa = PBXFileReference; fileEncoding = 4; lastKnownFileType = sourcecode.swift; path = RSAUtils.swift; sourceTree = "<group>"; };
		215592301F66D2800091A822 /* LoginViewController.swift */ = {isa = PBXFileReference; fileEncoding = 4; lastKnownFileType = sourcecode.swift; path = LoginViewController.swift; sourceTree = "<group>"; };
		21570C8C1F653572003C7D38 /* api.swift */ = {isa = PBXFileReference; fileEncoding = 4; lastKnownFileType = sourcecode.swift; path = api.swift; sourceTree = "<group>"; };
		21570C8E1F653CB2003C7D38 /* fzStr.swift */ = {isa = PBXFileReference; fileEncoding = 4; lastKnownFileType = sourcecode.swift; path = fzStr.swift; sourceTree = "<group>"; };
		21570C911F6579ED003C7D38 /* UserInfoViewController.swift */ = {isa = PBXFileReference; fileEncoding = 4; lastKnownFileType = sourcecode.swift; path = UserInfoViewController.swift; sourceTree = "<group>"; };
		21570C941F659002003C7D38 /* MainTableViewCell.swift */ = {isa = PBXFileReference; fileEncoding = 4; lastKnownFileType = sourcecode.swift; path = MainTableViewCell.swift; sourceTree = "<group>"; };
		217882381F67E39C00365735 /* Bridging-Header.h */ = {isa = PBXFileReference; lastKnownFileType = sourcecode.c.h; path = "Bridging-Header.h"; sourceTree = "<group>"; };
		217882391F67E43D00365735 /* RSA.h */ = {isa = PBXFileReference; fileEncoding = 4; lastKnownFileType = sourcecode.c.h; path = RSA.h; sourceTree = "<group>"; };
		2178823A1F67E43D00365735 /* RSA.m */ = {isa = PBXFileReference; fileEncoding = 4; lastKnownFileType = sourcecode.c.objc; path = RSA.m; sourceTree = "<group>"; };
		21BD78761F618C1600539E8D /* BaseViewController.swift */ = {isa = PBXFileReference; fileEncoding = 4; lastKnownFileType = sourcecode.swift; path = BaseViewController.swift; sourceTree = "<group>"; };
		21EE65AD1F6A54DE00806B62 /* ResModel.swift */ = {isa = PBXFileReference; fileEncoding = 4; lastKnownFileType = sourcecode.swift; path = ResModel.swift; sourceTree = "<group>"; };
		21EE65AF1F6A5B5800806B62 /* ResModelMaper.swift */ = {isa = PBXFileReference; fileEncoding = 4; lastKnownFileType = sourcecode.swift; path = ResModelMaper.swift; sourceTree = "<group>"; };
		21EE65B21F6A7C1900806B62 /* UpIconTableViewCell.swift */ = {isa = PBXFileReference; fileEncoding = 4; lastKnownFileType = sourcecode.swift; path = UpIconTableViewCell.swift; sourceTree = "<group>"; };
		21EE65B41F6A7C2600806B62 /* InfoTableViewCell.swift */ = {isa = PBXFileReference; fileEncoding = 4; lastKnownFileType = sourcecode.swift; path = InfoTableViewCell.swift; sourceTree = "<group>"; };
		21F1C5971F68E002002FC28A /* UserInfoModel.swift */ = {isa = PBXFileReference; fileEncoding = 4; lastKnownFileType = sourcecode.swift; path = UserInfoModel.swift; sourceTree = "<group>"; };
		21F1C5991F68E103002FC28A /* LoginModelMapper.swift */ = {isa = PBXFileReference; fileEncoding = 4; lastKnownFileType = sourcecode.swift; path = LoginModelMapper.swift; sourceTree = "<group>"; };
		21F1C59B1F6906B8002FC28A /* RegisterViewController.swift */ = {isa = PBXFileReference; fileEncoding = 4; lastKnownFileType = sourcecode.swift; path = RegisterViewController.swift; sourceTree = "<group>"; };
		21F1C59D1F691CAF002FC28A /* SmsModel.swift */ = {isa = PBXFileReference; fileEncoding = 4; lastKnownFileType = sourcecode.swift; path = SmsModel.swift; sourceTree = "<group>"; };
		21F1C59F1F6924EB002FC28A /* InfoViewController.swift */ = {isa = PBXFileReference; fileEncoding = 4; lastKnownFileType = sourcecode.swift; path = InfoViewController.swift; sourceTree = "<group>"; };
		21F842201F6267ED00A54D68 /* HeartTableViewCell.swift */ = {isa = PBXFileReference; fileEncoding = 4; lastKnownFileType = sourcecode.swift; path = HeartTableViewCell.swift; sourceTree = "<group>"; };
		21FA059E1F6783A20083EFD4 /* LogDataMangerViewController.swift */ = {isa = PBXFileReference; fileEncoding = 4; lastKnownFileType = sourcecode.swift; path = LogDataMangerViewController.swift; sourceTree = "<group>"; };
		21FA05A01F6784DF0083EFD4 /* FZRequestViewController.swift */ = {isa = PBXFileReference; fileEncoding = 4; lastKnownFileType = sourcecode.swift; path = FZRequestViewController.swift; sourceTree = "<group>"; };
		21FB3EAB1F66367500656B74 /* SettingViewController.swift */ = {isa = PBXFileReference; fileEncoding = 4; lastKnownFileType = sourcecode.swift; path = SettingViewController.swift; sourceTree = "<group>"; };
		21FB3EAD1F66392200656B74 /* TeachTableViewCell.swift */ = {isa = PBXFileReference; fileEncoding = 4; lastKnownFileType = sourcecode.swift; path = TeachTableViewCell.swift; sourceTree = "<group>"; };
		3BF53C885381150890BD1D77 /* Pods-fenzhi.debug.xcconfig */ = {isa = PBXFileReference; includeInIndex = 1; lastKnownFileType = text.xcconfig; name = "Pods-fenzhi.debug.xcconfig"; path = "Pods/Target Support Files/Pods-fenzhi/Pods-fenzhi.debug.xcconfig"; sourceTree = "<group>"; };
		5CDF4B2D362E84A0445C1765 /* Pods_fenzhi.framework */ = {isa = PBXFileReference; explicitFileType = wrapper.framework; includeInIndex = 0; path = Pods_fenzhi.framework; sourceTree = BUILT_PRODUCTS_DIR; };
		7DCA162FC084537701A39EDF /* Pods_fenzhiTests.framework */ = {isa = PBXFileReference; explicitFileType = wrapper.framework; includeInIndex = 0; path = Pods_fenzhiTests.framework; sourceTree = BUILT_PRODUCTS_DIR; };
		8415B6E6AFB63FC374129952 /* Pods-fenzhiUITests.debug.xcconfig */ = {isa = PBXFileReference; includeInIndex = 1; lastKnownFileType = text.xcconfig; name = "Pods-fenzhiUITests.debug.xcconfig"; path = "Pods/Target Support Files/Pods-fenzhiUITests/Pods-fenzhiUITests.debug.xcconfig"; sourceTree = "<group>"; };
		A415FB4CE0E9595F86C656D9 /* Pods_fenzhiUITests.framework */ = {isa = PBXFileReference; explicitFileType = wrapper.framework; includeInIndex = 0; path = Pods_fenzhiUITests.framework; sourceTree = BUILT_PRODUCTS_DIR; };
		AA764A39D6226F0CDDE2E802 /* Pods-fenzhiUITests.release.xcconfig */ = {isa = PBXFileReference; includeInIndex = 1; lastKnownFileType = text.xcconfig; name = "Pods-fenzhiUITests.release.xcconfig"; path = "Pods/Target Support Files/Pods-fenzhiUITests/Pods-fenzhiUITests.release.xcconfig"; sourceTree = "<group>"; };
		B66B0EDEAA84DBD298790190 /* Pods-fenzhiTests.debug.xcconfig */ = {isa = PBXFileReference; includeInIndex = 1; lastKnownFileType = text.xcconfig; name = "Pods-fenzhiTests.debug.xcconfig"; path = "Pods/Target Support Files/Pods-fenzhiTests/Pods-fenzhiTests.debug.xcconfig"; sourceTree = "<group>"; };
		E9CCA6F48CECF090FA2861D1 /* Pods-fenzhi.release.xcconfig */ = {isa = PBXFileReference; includeInIndex = 1; lastKnownFileType = text.xcconfig; name = "Pods-fenzhi.release.xcconfig"; path = "Pods/Target Support Files/Pods-fenzhi/Pods-fenzhi.release.xcconfig"; sourceTree = "<group>"; };
/* End PBXFileReference section */

/* Begin PBXFrameworksBuildPhase section */
		213BF8471F60317300D60AE5 /* Frameworks */ = {
			isa = PBXFrameworksBuildPhase;
			buildActionMask = 2147483647;
			files = (
				85AC0AA241E550BCCE81BA92 /* Pods_fenzhi.framework in Frameworks */,
			);
			runOnlyForDeploymentPostprocessing = 0;
		};
		213BF85B1F60317300D60AE5 /* Frameworks */ = {
			isa = PBXFrameworksBuildPhase;
			buildActionMask = 2147483647;
			files = (
				C076668C8B97F4A97FB14A24 /* Pods_fenzhiTests.framework in Frameworks */,
			);
			runOnlyForDeploymentPostprocessing = 0;
		};
		213BF8661F60317300D60AE5 /* Frameworks */ = {
			isa = PBXFrameworksBuildPhase;
			buildActionMask = 2147483647;
			files = (
				9F1B36B82E4579C0E1ED8A93 /* Pods_fenzhiUITests.framework in Frameworks */,
			);
			runOnlyForDeploymentPostprocessing = 0;
		};
/* End PBXFrameworksBuildPhase section */

/* Begin PBXGroup section */
		02F05821611725A4DC542849 /* Pods */ = {
			isa = PBXGroup;
			children = (
				3BF53C885381150890BD1D77 /* Pods-fenzhi.debug.xcconfig */,
				E9CCA6F48CECF090FA2861D1 /* Pods-fenzhi.release.xcconfig */,
				B66B0EDEAA84DBD298790190 /* Pods-fenzhiTests.debug.xcconfig */,
				08B3CAB5669AA980CD9161B0 /* Pods-fenzhiTests.release.xcconfig */,
				8415B6E6AFB63FC374129952 /* Pods-fenzhiUITests.debug.xcconfig */,
				AA764A39D6226F0CDDE2E802 /* Pods-fenzhiUITests.release.xcconfig */,
			);
			name = Pods;
			sourceTree = "<group>";
		};
		21062AD51F6038CD0003C7C4 /* Class */ = {
			isa = PBXGroup;
			children = (
				2155922F1F66D0E00091A822 /* Log */,
				214AF58A1F61791C00CA786A /* Base */,
				21062AD81F6039130003C7C4 /* Record */,
				21062AD71F6038F10003C7C4 /* Mine */,
				21062AD61F6038DA0003C7C4 /* Home */,
			);
			path = Class;
			sourceTree = "<group>";
		};
		21062AD61F6038DA0003C7C4 /* Home */ = {
			isa = PBXGroup;
			children = (
				21570C901F653EAA003C7D38 /* Model */,
				21F8421F1F6267DC00A54D68 /* Cells */,
				21062AD91F6039570003C7C4 /* HomeViewController.swift */,
				214AF58D1F6187F400CA786A /* TeachReleaseViewController.swift */,
				214AF58F1F61881900CA786A /* HeartReleaseViewController.swift */,
			);
			path = Home;
			sourceTree = "<group>";
		};
		21062AD71F6038F10003C7C4 /* Mine */ = {
			isa = PBXGroup;
			children = (
				21570C931F658FF1003C7D38 /* Cell */,
				21062ADB1F6039640003C7C4 /* MineViewController.swift */,
				21FB3EAB1F66367500656B74 /* SettingViewController.swift */,
				21570C911F6579ED003C7D38 /* UserInfoViewController.swift */,
			);
			path = Mine;
			sourceTree = "<group>";
		};
		21062AD81F6039130003C7C4 /* Record */ = {
			isa = PBXGroup;
			children = (
				21062ADD1F60396F0003C7C4 /* RecordViewController.swift */,
			);
			path = Record;
			sourceTree = "<group>";
		};
		21062ADF1F603E9E0003C7C4 /* Tool */ = {
			isa = PBXGroup;
			children = (
				2154EBAC1F68205900C992D1 /* RSAUtils.swift */,
				217882391F67E43D00365735 /* RSA.h */,
				2178823A1F67E43D00365735 /* RSA.m */,
				21062AE01F603EA90003C7C4 /* pch.swift */,
				21570C8C1F653572003C7D38 /* api.swift */,
				21570C8E1F653CB2003C7D38 /* fzStr.swift */,
				217882381F67E39C00365735 /* Bridging-Header.h */,
			);
			path = Tool;
			sourceTree = "<group>";
		};
		213BF8411F60317300D60AE5 = {
			isa = PBXGroup;
			children = (
				213BF84C1F60317300D60AE5 /* fenzhi */,
				213BF8611F60317300D60AE5 /* fenzhiTests */,
				213BF86C1F60317300D60AE5 /* fenzhiUITests */,
				213BF84B1F60317300D60AE5 /* Products */,
				02F05821611725A4DC542849 /* Pods */,
				9B75051DA946A50A99B29F58 /* Frameworks */,
			);
			sourceTree = "<group>";
		};
		213BF84B1F60317300D60AE5 /* Products */ = {
			isa = PBXGroup;
			children = (
				213BF84A1F60317300D60AE5 /* fenzhi.app */,
				213BF85E1F60317300D60AE5 /* fenzhiTests.xctest */,
				213BF8691F60317300D60AE5 /* fenzhiUITests.xctest */,
			);
			name = Products;
			sourceTree = "<group>";
		};
		213BF84C1F60317300D60AE5 /* fenzhi */ = {
			isa = PBXGroup;
			children = (
				21FA059D1F677CDD0083EFD4 /* DataManger */,
				21062ADF1F603E9E0003C7C4 /* Tool */,
				21062AD51F6038CD0003C7C4 /* Class */,
				213BF84D1F60317300D60AE5 /* AppDelegate.swift */,
				213BF84F1F60317300D60AE5 /* ViewController.swift */,
				213BF8511F60317300D60AE5 /* Main.storyboard */,
				213BF8541F60317300D60AE5 /* Assets.xcassets */,
				213BF8561F60317300D60AE5 /* LaunchScreen.storyboard */,
				213BF8591F60317300D60AE5 /* Info.plist */,
			);
			path = fenzhi;
			sourceTree = "<group>";
		};
		213BF8611F60317300D60AE5 /* fenzhiTests */ = {
			isa = PBXGroup;
			children = (
				213BF8621F60317300D60AE5 /* fenzhiTests.swift */,
				213BF8641F60317300D60AE5 /* Info.plist */,
			);
			path = fenzhiTests;
			sourceTree = "<group>";
		};
		213BF86C1F60317300D60AE5 /* fenzhiUITests */ = {
			isa = PBXGroup;
			children = (
				213BF86D1F60317300D60AE5 /* fenzhiUITests.swift */,
				213BF86F1F60317300D60AE5 /* Info.plist */,
			);
			path = fenzhiUITests;
			sourceTree = "<group>";
		};
		214AF58A1F61791C00CA786A /* Base */ = {
			isa = PBXGroup;
			children = (
				21BD78761F618C1600539E8D /* BaseViewController.swift */,
			);
			path = Base;
			sourceTree = "<group>";
		};
		2155922F1F66D0E00091A822 /* Log */ = {
			isa = PBXGroup;
			children = (
				21EE65B11F6A7BEE00806B62 /* Cell */,
				21F1C5961F68DFF0002FC28A /* Models */,
				215592301F66D2800091A822 /* LoginViewController.swift */,
				21F1C59B1F6906B8002FC28A /* RegisterViewController.swift */,
				21F1C59F1F6924EB002FC28A /* InfoViewController.swift */,
			);
			path = Log;
			sourceTree = "<group>";
		};
		21570C901F653EAA003C7D38 /* Model */ = {
			isa = PBXGroup;
			children = (
			);
			path = Model;
			sourceTree = "<group>";
		};
		21570C931F658FF1003C7D38 /* Cell */ = {
			isa = PBXGroup;
			children = (
				21570C941F659002003C7D38 /* MainTableViewCell.swift */,
			);
			path = Cell;
			sourceTree = "<group>";
		};
		21EE65B11F6A7BEE00806B62 /* Cell */ = {
			isa = PBXGroup;
			children = (
				21EE65B21F6A7C1900806B62 /* UpIconTableViewCell.swift */,
				21EE65B41F6A7C2600806B62 /* InfoTableViewCell.swift */,
			);
			path = Cell;
			sourceTree = "<group>";
		};
		21F1C5961F68DFF0002FC28A /* Models */ = {
			isa = PBXGroup;
			children = (
				21F1C5971F68E002002FC28A /* UserInfoModel.swift */,
				21F1C5991F68E103002FC28A /* LoginModelMapper.swift */,
				21F1C59D1F691CAF002FC28A /* SmsModel.swift */,
				21EE65AD1F6A54DE00806B62 /* ResModel.swift */,
				21EE65AF1F6A5B5800806B62 /* ResModelMaper.swift */,
			);
			path = Models;
			sourceTree = "<group>";
		};
		21F8421F1F6267DC00A54D68 /* Cells */ = {
			isa = PBXGroup;
			children = (
				21F842201F6267ED00A54D68 /* HeartTableViewCell.swift */,
				21FB3EAD1F66392200656B74 /* TeachTableViewCell.swift */,
			);
			path = Cells;
			sourceTree = "<group>";
		};
		21FA059D1F677CDD0083EFD4 /* DataManger */ = {
			isa = PBXGroup;
			children = (
				21FA059E1F6783A20083EFD4 /* LogDataMangerViewController.swift */,
				21FA05A01F6784DF0083EFD4 /* FZRequestViewController.swift */,
			);
			path = DataManger;
			sourceTree = "<group>";
		};
		9B75051DA946A50A99B29F58 /* Frameworks */ = {
			isa = PBXGroup;
			children = (
				5CDF4B2D362E84A0445C1765 /* Pods_fenzhi.framework */,
				7DCA162FC084537701A39EDF /* Pods_fenzhiTests.framework */,
				A415FB4CE0E9595F86C656D9 /* Pods_fenzhiUITests.framework */,
			);
			name = Frameworks;
			sourceTree = "<group>";
		};
/* End PBXGroup section */

/* Begin PBXNativeTarget section */
		213BF8491F60317300D60AE5 /* fenzhi */ = {
			isa = PBXNativeTarget;
			buildConfigurationList = 213BF8721F60317300D60AE5 /* Build configuration list for PBXNativeTarget "fenzhi" */;
			buildPhases = (
				4E1C81F8F3A230BC9EA0A1ED /* [CP] Check Pods Manifest.lock */,
				213BF8461F60317300D60AE5 /* Sources */,
				213BF8471F60317300D60AE5 /* Frameworks */,
				213BF8481F60317300D60AE5 /* Resources */,
				31FC56B27C4CD7748D1FA91E /* [CP] Embed Pods Frameworks */,
				96002AC21A497C3AA0CEFAF9 /* [CP] Copy Pods Resources */,
			);
			buildRules = (
			);
			dependencies = (
			);
			name = fenzhi;
			productName = fenzhi;
			productReference = 213BF84A1F60317300D60AE5 /* fenzhi.app */;
			productType = "com.apple.product-type.application";
		};
		213BF85D1F60317300D60AE5 /* fenzhiTests */ = {
			isa = PBXNativeTarget;
			buildConfigurationList = 213BF8751F60317300D60AE5 /* Build configuration list for PBXNativeTarget "fenzhiTests" */;
			buildPhases = (
				E57FF4424B8FB6AD1728AC24 /* [CP] Check Pods Manifest.lock */,
				213BF85A1F60317300D60AE5 /* Sources */,
				213BF85B1F60317300D60AE5 /* Frameworks */,
				213BF85C1F60317300D60AE5 /* Resources */,
				74037BB13C1F13BDBB8B17A1 /* [CP] Embed Pods Frameworks */,
				D7E307624C3E87F77FEF9F4A /* [CP] Copy Pods Resources */,
			);
			buildRules = (
			);
			dependencies = (
				213BF8601F60317300D60AE5 /* PBXTargetDependency */,
			);
			name = fenzhiTests;
			productName = fenzhiTests;
			productReference = 213BF85E1F60317300D60AE5 /* fenzhiTests.xctest */;
			productType = "com.apple.product-type.bundle.unit-test";
		};
		213BF8681F60317300D60AE5 /* fenzhiUITests */ = {
			isa = PBXNativeTarget;
			buildConfigurationList = 213BF8781F60317300D60AE5 /* Build configuration list for PBXNativeTarget "fenzhiUITests" */;
			buildPhases = (
				0813A6D9E60663CFD7CF8EF2 /* [CP] Check Pods Manifest.lock */,
				213BF8651F60317300D60AE5 /* Sources */,
				213BF8661F60317300D60AE5 /* Frameworks */,
				213BF8671F60317300D60AE5 /* Resources */,
				5DAB19FE450E186D52D110B6 /* [CP] Copy Pods Resources */,
				646A0875421A26B803F9EC2D /* [CP] Embed Pods Frameworks */,
			);
			buildRules = (
			);
			dependencies = (
				213BF86B1F60317300D60AE5 /* PBXTargetDependency */,
			);
			name = fenzhiUITests;
			productName = fenzhiUITests;
			productReference = 213BF8691F60317300D60AE5 /* fenzhiUITests.xctest */;
			productType = "com.apple.product-type.bundle.ui-testing";
		};
/* End PBXNativeTarget section */

/* Begin PBXProject section */
		213BF8421F60317300D60AE5 /* Project object */ = {
			isa = PBXProject;
			attributes = {
				LastSwiftUpdateCheck = 0830;
				LastUpgradeCheck = 0830;
				ORGANIZATIONNAME = Xunqiu;
				TargetAttributes = {
					213BF8491F60317300D60AE5 = {
						CreatedOnToolsVersion = 8.3.3;
						DevelopmentTeam = 9F3W6D3BQ5;
						ProvisioningStyle = Automatic;
					};
					213BF85D1F60317300D60AE5 = {
						CreatedOnToolsVersion = 8.3.3;
						ProvisioningStyle = Automatic;
						TestTargetID = 213BF8491F60317300D60AE5;
					};
					213BF8681F60317300D60AE5 = {
						CreatedOnToolsVersion = 8.3.3;
						ProvisioningStyle = Automatic;
						TestTargetID = 213BF8491F60317300D60AE5;
					};
				};
			};
			buildConfigurationList = 213BF8451F60317300D60AE5 /* Build configuration list for PBXProject "fenzhi" */;
			compatibilityVersion = "Xcode 3.2";
			developmentRegion = English;
			hasScannedForEncodings = 0;
			knownRegions = (
				en,
				Base,
			);
			mainGroup = 213BF8411F60317300D60AE5;
			productRefGroup = 213BF84B1F60317300D60AE5 /* Products */;
			projectDirPath = "";
			projectRoot = "";
			targets = (
				213BF8491F60317300D60AE5 /* fenzhi */,
				213BF85D1F60317300D60AE5 /* fenzhiTests */,
				213BF8681F60317300D60AE5 /* fenzhiUITests */,
			);
		};
/* End PBXProject section */

/* Begin PBXResourcesBuildPhase section */
		213BF8481F60317300D60AE5 /* Resources */ = {
			isa = PBXResourcesBuildPhase;
			buildActionMask = 2147483647;
			files = (
				213BF8581F60317300D60AE5 /* LaunchScreen.storyboard in Resources */,
				213BF8551F60317300D60AE5 /* Assets.xcassets in Resources */,
				213BF8531F60317300D60AE5 /* Main.storyboard in Resources */,
			);
			runOnlyForDeploymentPostprocessing = 0;
		};
		213BF85C1F60317300D60AE5 /* Resources */ = {
			isa = PBXResourcesBuildPhase;
			buildActionMask = 2147483647;
			files = (
			);
			runOnlyForDeploymentPostprocessing = 0;
		};
		213BF8671F60317300D60AE5 /* Resources */ = {
			isa = PBXResourcesBuildPhase;
			buildActionMask = 2147483647;
			files = (
			);
			runOnlyForDeploymentPostprocessing = 0;
		};
/* End PBXResourcesBuildPhase section */

/* Begin PBXShellScriptBuildPhase section */
		0813A6D9E60663CFD7CF8EF2 /* [CP] Check Pods Manifest.lock */ = {
			isa = PBXShellScriptBuildPhase;
			buildActionMask = 2147483647;
			files = (
			);
			inputPaths = (
			);
			name = "[CP] Check Pods Manifest.lock";
			outputPaths = (
			);
			runOnlyForDeploymentPostprocessing = 0;
			shellPath = /bin/sh;
			shellScript = "diff \"${PODS_PODFILE_DIR_PATH}/Podfile.lock\" \"${PODS_ROOT}/Manifest.lock\" > /dev/null\nif [ $? != 0 ] ; then\n    # print error to STDERR\n    echo \"error: The sandbox is not in sync with the Podfile.lock. Run 'pod install' or update your CocoaPods installation.\" >&2\n    exit 1\nfi\n";
			showEnvVarsInLog = 0;
		};
		31FC56B27C4CD7748D1FA91E /* [CP] Embed Pods Frameworks */ = {
			isa = PBXShellScriptBuildPhase;
			buildActionMask = 2147483647;
			files = (
			);
			inputPaths = (
			);
			name = "[CP] Embed Pods Frameworks";
			outputPaths = (
			);
			runOnlyForDeploymentPostprocessing = 0;
			shellPath = /bin/sh;
			shellScript = "\"${SRCROOT}/Pods/Target Support Files/Pods-fenzhi/Pods-fenzhi-frameworks.sh\"\n";
			showEnvVarsInLog = 0;
		};
		4E1C81F8F3A230BC9EA0A1ED /* [CP] Check Pods Manifest.lock */ = {
			isa = PBXShellScriptBuildPhase;
			buildActionMask = 2147483647;
			files = (
			);
			inputPaths = (
			);
			name = "[CP] Check Pods Manifest.lock";
			outputPaths = (
			);
			runOnlyForDeploymentPostprocessing = 0;
			shellPath = /bin/sh;
			shellScript = "diff \"${PODS_PODFILE_DIR_PATH}/Podfile.lock\" \"${PODS_ROOT}/Manifest.lock\" > /dev/null\nif [ $? != 0 ] ; then\n    # print error to STDERR\n    echo \"error: The sandbox is not in sync with the Podfile.lock. Run 'pod install' or update your CocoaPods installation.\" >&2\n    exit 1\nfi\n";
			showEnvVarsInLog = 0;
		};
		5DAB19FE450E186D52D110B6 /* [CP] Copy Pods Resources */ = {
			isa = PBXShellScriptBuildPhase;
			buildActionMask = 2147483647;
			files = (
			);
			inputPaths = (
			);
			name = "[CP] Copy Pods Resources";
			outputPaths = (
			);
			runOnlyForDeploymentPostprocessing = 0;
			shellPath = /bin/sh;
			shellScript = "\"${SRCROOT}/Pods/Target Support Files/Pods-fenzhiUITests/Pods-fenzhiUITests-resources.sh\"\n";
			showEnvVarsInLog = 0;
		};
		646A0875421A26B803F9EC2D /* [CP] Embed Pods Frameworks */ = {
			isa = PBXShellScriptBuildPhase;
			buildActionMask = 2147483647;
			files = (
			);
			inputPaths = (
			);
			name = "[CP] Embed Pods Frameworks";
			outputPaths = (
			);
			runOnlyForDeploymentPostprocessing = 0;
			shellPath = /bin/sh;
			shellScript = "\"${SRCROOT}/Pods/Target Support Files/Pods-fenzhiUITests/Pods-fenzhiUITests-frameworks.sh\"\n";
			showEnvVarsInLog = 0;
		};
		74037BB13C1F13BDBB8B17A1 /* [CP] Embed Pods Frameworks */ = {
			isa = PBXShellScriptBuildPhase;
			buildActionMask = 2147483647;
			files = (
			);
			inputPaths = (
			);
			name = "[CP] Embed Pods Frameworks";
			outputPaths = (
			);
			runOnlyForDeploymentPostprocessing = 0;
			shellPath = /bin/sh;
			shellScript = "\"${SRCROOT}/Pods/Target Support Files/Pods-fenzhiTests/Pods-fenzhiTests-frameworks.sh\"\n";
			showEnvVarsInLog = 0;
		};
		96002AC21A497C3AA0CEFAF9 /* [CP] Copy Pods Resources */ = {
			isa = PBXShellScriptBuildPhase;
			buildActionMask = 2147483647;
			files = (
			);
			inputPaths = (
			);
			name = "[CP] Copy Pods Resources";
			outputPaths = (
			);
			runOnlyForDeploymentPostprocessing = 0;
			shellPath = /bin/sh;
			shellScript = "\"${SRCROOT}/Pods/Target Support Files/Pods-fenzhi/Pods-fenzhi-resources.sh\"\n";
			showEnvVarsInLog = 0;
		};
		D7E307624C3E87F77FEF9F4A /* [CP] Copy Pods Resources */ = {
			isa = PBXShellScriptBuildPhase;
			buildActionMask = 2147483647;
			files = (
			);
			inputPaths = (
			);
			name = "[CP] Copy Pods Resources";
			outputPaths = (
			);
			runOnlyForDeploymentPostprocessing = 0;
			shellPath = /bin/sh;
			shellScript = "\"${SRCROOT}/Pods/Target Support Files/Pods-fenzhiTests/Pods-fenzhiTests-resources.sh\"\n";
			showEnvVarsInLog = 0;
		};
		E57FF4424B8FB6AD1728AC24 /* [CP] Check Pods Manifest.lock */ = {
			isa = PBXShellScriptBuildPhase;
			buildActionMask = 2147483647;
			files = (
			);
			inputPaths = (
			);
			name = "[CP] Check Pods Manifest.lock";
			outputPaths = (
			);
			runOnlyForDeploymentPostprocessing = 0;
			shellPath = /bin/sh;
			shellScript = "diff \"${PODS_PODFILE_DIR_PATH}/Podfile.lock\" \"${PODS_ROOT}/Manifest.lock\" > /dev/null\nif [ $? != 0 ] ; then\n    # print error to STDERR\n    echo \"error: The sandbox is not in sync with the Podfile.lock. Run 'pod install' or update your CocoaPods installation.\" >&2\n    exit 1\nfi\n";
			showEnvVarsInLog = 0;
		};
/* End PBXShellScriptBuildPhase section */

/* Begin PBXSourcesBuildPhase section */
		213BF8461F60317300D60AE5 /* Sources */ = {
			isa = PBXSourcesBuildPhase;
			buildActionMask = 2147483647;
			files = (
				21F1C59E1F691CAF002FC28A /* SmsModel.swift in Sources */,
				21F1C5981F68E002002FC28A /* UserInfoModel.swift in Sources */,
				2178823B1F67E43D00365735 /* RSA.m in Sources */,
				214AF58E1F6187F400CA786A /* TeachReleaseViewController.swift in Sources */,
				21F1C59C1F6906B8002FC28A /* RegisterViewController.swift in Sources */,
				213BF8501F60317300D60AE5 /* ViewController.swift in Sources */,
				21F842211F6267ED00A54D68 /* HeartTableViewCell.swift in Sources */,
				21FA059F1F6783A20083EFD4 /* LogDataMangerViewController.swift in Sources */,
				21EE65B31F6A7C1900806B62 /* UpIconTableViewCell.swift in Sources */,
				213BF84E1F60317300D60AE5 /* AppDelegate.swift in Sources */,
				21062ADE1F60396F0003C7C4 /* RecordViewController.swift in Sources */,
				21FB3EAC1F66367500656B74 /* SettingViewController.swift in Sources */,
				21062ADA1F6039570003C7C4 /* HomeViewController.swift in Sources */,
				21EE65AE1F6A54DE00806B62 /* ResModel.swift in Sources */,
				21570C921F6579ED003C7D38 /* UserInfoViewController.swift in Sources */,
				21BD78771F618C1600539E8D /* BaseViewController.swift in Sources */,
				21FA05A11F6784DF0083EFD4 /* FZRequestViewController.swift in Sources */,
				21570C8F1F653CB2003C7D38 /* fzStr.swift in Sources */,
				21062ADC1F6039640003C7C4 /* MineViewController.swift in Sources */,
				21FB3EAE1F66392200656B74 /* TeachTableViewCell.swift in Sources */,
				21570C951F659002003C7D38 /* MainTableViewCell.swift in Sources */,
				21EE65B51F6A7C2600806B62 /* InfoTableViewCell.swift in Sources */,
				21F1C59A1F68E103002FC28A /* LoginModelMapper.swift in Sources */,
				215592311F66D2800091A822 /* LoginViewController.swift in Sources */,
				214AF5901F61881900CA786A /* HeartReleaseViewController.swift in Sources */,
				21F1C5A01F6924EB002FC28A /* InfoViewController.swift in Sources */,
				21570C8D1F653572003C7D38 /* api.swift in Sources */,
				2154EBAD1F68205900C992D1 /* RSAUtils.swift in Sources */,
				21EE65B01F6A5B5800806B62 /* ResModelMaper.swift in Sources */,
				21062AE11F603EA90003C7C4 /* pch.swift in Sources */,
			);
			runOnlyForDeploymentPostprocessing = 0;
		};
		213BF85A1F60317300D60AE5 /* Sources */ = {
			isa = PBXSourcesBuildPhase;
			buildActionMask = 2147483647;
			files = (
				213BF8631F60317300D60AE5 /* fenzhiTests.swift in Sources */,
			);
			runOnlyForDeploymentPostprocessing = 0;
		};
		213BF8651F60317300D60AE5 /* Sources */ = {
			isa = PBXSourcesBuildPhase;
			buildActionMask = 2147483647;
			files = (
				213BF86E1F60317300D60AE5 /* fenzhiUITests.swift in Sources */,
			);
			runOnlyForDeploymentPostprocessing = 0;
		};
/* End PBXSourcesBuildPhase section */

/* Begin PBXTargetDependency section */
		213BF8601F60317300D60AE5 /* PBXTargetDependency */ = {
			isa = PBXTargetDependency;
			target = 213BF8491F60317300D60AE5 /* fenzhi */;
			targetProxy = 213BF85F1F60317300D60AE5 /* PBXContainerItemProxy */;
		};
		213BF86B1F60317300D60AE5 /* PBXTargetDependency */ = {
			isa = PBXTargetDependency;
			target = 213BF8491F60317300D60AE5 /* fenzhi */;
			targetProxy = 213BF86A1F60317300D60AE5 /* PBXContainerItemProxy */;
		};
/* End PBXTargetDependency section */

/* Begin PBXVariantGroup section */
		213BF8511F60317300D60AE5 /* Main.storyboard */ = {
			isa = PBXVariantGroup;
			children = (
				213BF8521F60317300D60AE5 /* Base */,
			);
			name = Main.storyboard;
			sourceTree = "<group>";
		};
		213BF8561F60317300D60AE5 /* LaunchScreen.storyboard */ = {
			isa = PBXVariantGroup;
			children = (
				213BF8571F60317300D60AE5 /* Base */,
			);
			name = LaunchScreen.storyboard;
			sourceTree = "<group>";
		};
/* End PBXVariantGroup section */

/* Begin XCBuildConfiguration section */
		213BF8701F60317300D60AE5 /* Debug */ = {
			isa = XCBuildConfiguration;
			buildSettings = {
				ALWAYS_SEARCH_USER_PATHS = NO;
				CLANG_ANALYZER_NONNULL = YES;
				CLANG_ANALYZER_NUMBER_OBJECT_CONVERSION = YES_AGGRESSIVE;
				CLANG_CXX_LANGUAGE_STANDARD = "gnu++0x";
				CLANG_CXX_LIBRARY = "libc++";
				CLANG_ENABLE_MODULES = YES;
				CLANG_ENABLE_OBJC_ARC = YES;
				CLANG_WARN_BOOL_CONVERSION = YES;
				CLANG_WARN_CONSTANT_CONVERSION = YES;
				CLANG_WARN_DIRECT_OBJC_ISA_USAGE = YES_ERROR;
				CLANG_WARN_DOCUMENTATION_COMMENTS = YES;
				CLANG_WARN_EMPTY_BODY = YES;
				CLANG_WARN_ENUM_CONVERSION = YES;
				CLANG_WARN_INFINITE_RECURSION = YES;
				CLANG_WARN_INT_CONVERSION = YES;
				CLANG_WARN_OBJC_ROOT_CLASS = YES_ERROR;
				CLANG_WARN_SUSPICIOUS_MOVE = YES;
				CLANG_WARN_UNREACHABLE_CODE = YES;
				CLANG_WARN__DUPLICATE_METHOD_MATCH = YES;
				"CODE_SIGN_IDENTITY[sdk=iphoneos*]" = "iPhone Developer";
				COPY_PHASE_STRIP = NO;
				DEBUG_INFORMATION_FORMAT = dwarf;
				ENABLE_STRICT_OBJC_MSGSEND = YES;
				ENABLE_TESTABILITY = YES;
				GCC_C_LANGUAGE_STANDARD = gnu99;
				GCC_DYNAMIC_NO_PIC = NO;
				GCC_NO_COMMON_BLOCKS = YES;
				GCC_OPTIMIZATION_LEVEL = 0;
				GCC_PREPROCESSOR_DEFINITIONS = (
					"DEBUG=1",
					"$(inherited)",
				);
				GCC_WARN_64_TO_32_BIT_CONVERSION = YES;
				GCC_WARN_ABOUT_RETURN_TYPE = YES_ERROR;
				GCC_WARN_UNDECLARED_SELECTOR = YES;
				GCC_WARN_UNINITIALIZED_AUTOS = YES_AGGRESSIVE;
				GCC_WARN_UNUSED_FUNCTION = YES;
				GCC_WARN_UNUSED_VARIABLE = YES;
				IPHONEOS_DEPLOYMENT_TARGET = 10.3;
				MTL_ENABLE_DEBUG_INFO = YES;
				ONLY_ACTIVE_ARCH = YES;
				SDKROOT = iphoneos;
				SWIFT_ACTIVE_COMPILATION_CONDITIONS = DEBUG;
				SWIFT_OPTIMIZATION_LEVEL = "-Onone";
				SWIFT_VERSION = "";
			};
			name = Debug;
		};
		213BF8711F60317300D60AE5 /* Release */ = {
			isa = XCBuildConfiguration;
			buildSettings = {
				ALWAYS_SEARCH_USER_PATHS = NO;
				CLANG_ANALYZER_NONNULL = YES;
				CLANG_ANALYZER_NUMBER_OBJECT_CONVERSION = YES_AGGRESSIVE;
				CLANG_CXX_LANGUAGE_STANDARD = "gnu++0x";
				CLANG_CXX_LIBRARY = "libc++";
				CLANG_ENABLE_MODULES = YES;
				CLANG_ENABLE_OBJC_ARC = YES;
				CLANG_WARN_BOOL_CONVERSION = YES;
				CLANG_WARN_CONSTANT_CONVERSION = YES;
				CLANG_WARN_DIRECT_OBJC_ISA_USAGE = YES_ERROR;
				CLANG_WARN_DOCUMENTATION_COMMENTS = YES;
				CLANG_WARN_EMPTY_BODY = YES;
				CLANG_WARN_ENUM_CONVERSION = YES;
				CLANG_WARN_INFINITE_RECURSION = YES;
				CLANG_WARN_INT_CONVERSION = YES;
				CLANG_WARN_OBJC_ROOT_CLASS = YES_ERROR;
				CLANG_WARN_SUSPICIOUS_MOVE = YES;
				CLANG_WARN_UNREACHABLE_CODE = YES;
				CLANG_WARN__DUPLICATE_METHOD_MATCH = YES;
				"CODE_SIGN_IDENTITY[sdk=iphoneos*]" = "iPhone Developer";
				COPY_PHASE_STRIP = NO;
				DEBUG_INFORMATION_FORMAT = "dwarf-with-dsym";
				ENABLE_NS_ASSERTIONS = NO;
				ENABLE_STRICT_OBJC_MSGSEND = YES;
				GCC_C_LANGUAGE_STANDARD = gnu99;
				GCC_NO_COMMON_BLOCKS = YES;
				GCC_WARN_64_TO_32_BIT_CONVERSION = YES;
				GCC_WARN_ABOUT_RETURN_TYPE = YES_ERROR;
				GCC_WARN_UNDECLARED_SELECTOR = YES;
				GCC_WARN_UNINITIALIZED_AUTOS = YES_AGGRESSIVE;
				GCC_WARN_UNUSED_FUNCTION = YES;
				GCC_WARN_UNUSED_VARIABLE = YES;
				IPHONEOS_DEPLOYMENT_TARGET = 10.3;
				MTL_ENABLE_DEBUG_INFO = NO;
				SDKROOT = iphoneos;
				SWIFT_OPTIMIZATION_LEVEL = "-Owholemodule";
				SWIFT_VERSION = "";
				VALIDATE_PRODUCT = YES;
			};
			name = Release;
		};
		213BF8731F60317300D60AE5 /* Debug */ = {
			isa = XCBuildConfiguration;
			baseConfigurationReference = 3BF53C885381150890BD1D77 /* Pods-fenzhi.debug.xcconfig */;
			buildSettings = {
				ASSETCATALOG_COMPILER_APPICON_NAME = AppIcon;
				"CODE_SIGN_IDENTITY[sdk=iphoneos*]" = "iPhone Developer";
				DEVELOPMENT_TEAM = 9F3W6D3BQ5;
				INFOPLIST_FILE = fenzhi/Info.plist;
				IPHONEOS_DEPLOYMENT_TARGET = 8.0;
				LD_RUNPATH_SEARCH_PATHS = "$(inherited) @executable_path/Frameworks";
				PRODUCT_BUNDLE_IDENTIFIER = com.superxin.com.fenzhi;
				PRODUCT_NAME = "$(TARGET_NAME)";
				PROVISIONING_PROFILE_SPECIFIER = "";
				SWIFT_OBJC_BRIDGING_HEADER = "/Users/lvxin/fenzhi/fenzhi/fenzhi/Tool/Bridging-Header.h";
				SWIFT_VERSION = 3.0;
			};
			name = Debug;
		};
		213BF8741F60317300D60AE5 /* Release */ = {
			isa = XCBuildConfiguration;
			baseConfigurationReference = E9CCA6F48CECF090FA2861D1 /* Pods-fenzhi.release.xcconfig */;
			buildSettings = {
				ASSETCATALOG_COMPILER_APPICON_NAME = AppIcon;
				"CODE_SIGN_IDENTITY[sdk=iphoneos*]" = "iPhone Developer";
				DEVELOPMENT_TEAM = 9F3W6D3BQ5;
				INFOPLIST_FILE = fenzhi/Info.plist;
				IPHONEOS_DEPLOYMENT_TARGET = 8.0;
				LD_RUNPATH_SEARCH_PATHS = "$(inherited) @executable_path/Frameworks";
				PRODUCT_BUNDLE_IDENTIFIER = com.superxin.com.fenzhi;
				PRODUCT_NAME = "$(TARGET_NAME)";
				PROVISIONING_PROFILE_SPECIFIER = "";
				SWIFT_OBJC_BRIDGING_HEADER = "/Users/lvxin/fenzhi/fenzhi/fenzhi/Tool/Bridging-Header.h";
				SWIFT_VERSION = 3.0;
			};
			name = Release;
		};
		213BF8761F60317300D60AE5 /* Debug */ = {
			isa = XCBuildConfiguration;
			baseConfigurationReference = B66B0EDEAA84DBD298790190 /* Pods-fenzhiTests.debug.xcconfig */;
			buildSettings = {
				ALWAYS_EMBED_SWIFT_STANDARD_LIBRARIES = YES;
				BUNDLE_LOADER = "$(TEST_HOST)";
				INFOPLIST_FILE = fenzhiTests/Info.plist;
				LD_RUNPATH_SEARCH_PATHS = "$(inherited) @executable_path/Frameworks @loader_path/Frameworks";
				PRODUCT_BUNDLE_IDENTIFIER = com.superxin.com.fenzhiTests;
				PRODUCT_NAME = "$(TARGET_NAME)";
				SWIFT_VERSION = 3.0;
				TEST_HOST = "$(BUILT_PRODUCTS_DIR)/fenzhi.app/fenzhi";
			};
			name = Debug;
		};
		213BF8771F60317300D60AE5 /* Release */ = {
			isa = XCBuildConfiguration;
			baseConfigurationReference = 08B3CAB5669AA980CD9161B0 /* Pods-fenzhiTests.release.xcconfig */;
			buildSettings = {
				ALWAYS_EMBED_SWIFT_STANDARD_LIBRARIES = YES;
				BUNDLE_LOADER = "$(TEST_HOST)";
				INFOPLIST_FILE = fenzhiTests/Info.plist;
				LD_RUNPATH_SEARCH_PATHS = "$(inherited) @executable_path/Frameworks @loader_path/Frameworks";
				PRODUCT_BUNDLE_IDENTIFIER = com.superxin.com.fenzhiTests;
				PRODUCT_NAME = "$(TARGET_NAME)";
				SWIFT_VERSION = 3.0;
				TEST_HOST = "$(BUILT_PRODUCTS_DIR)/fenzhi.app/fenzhi";
			};
			name = Release;
		};
		213BF8791F60317300D60AE5 /* Debug */ = {
			isa = XCBuildConfiguration;
			baseConfigurationReference = 8415B6E6AFB63FC374129952 /* Pods-fenzhiUITests.debug.xcconfig */;
			buildSettings = {
				ALWAYS_EMBED_SWIFT_STANDARD_LIBRARIES = YES;
				INFOPLIST_FILE = fenzhiUITests/Info.plist;
				LD_RUNPATH_SEARCH_PATHS = "$(inherited) @executable_path/Frameworks @loader_path/Frameworks";
				PRODUCT_BUNDLE_IDENTIFIER = com.superxin.com.fenzhiUITests;
				PRODUCT_NAME = "$(TARGET_NAME)";
				SWIFT_VERSION = 3.0;
				TEST_TARGET_NAME = fenzhi;
			};
			name = Debug;
		};
		213BF87A1F60317300D60AE5 /* Release */ = {
			isa = XCBuildConfiguration;
			baseConfigurationReference = AA764A39D6226F0CDDE2E802 /* Pods-fenzhiUITests.release.xcconfig */;
			buildSettings = {
				ALWAYS_EMBED_SWIFT_STANDARD_LIBRARIES = YES;
				INFOPLIST_FILE = fenzhiUITests/Info.plist;
				LD_RUNPATH_SEARCH_PATHS = "$(inherited) @executable_path/Frameworks @loader_path/Frameworks";
				PRODUCT_BUNDLE_IDENTIFIER = com.superxin.com.fenzhiUITests;
				PRODUCT_NAME = "$(TARGET_NAME)";
				SWIFT_VERSION = 3.0;
				TEST_TARGET_NAME = fenzhi;
			};
			name = Release;
		};
/* End XCBuildConfiguration section */

/* Begin XCConfigurationList section */
		213BF8451F60317300D60AE5 /* Build configuration list for PBXProject "fenzhi" */ = {
			isa = XCConfigurationList;
			buildConfigurations = (
				213BF8701F60317300D60AE5 /* Debug */,
				213BF8711F60317300D60AE5 /* Release */,
			);
			defaultConfigurationIsVisible = 0;
			defaultConfigurationName = Release;
		};
		213BF8721F60317300D60AE5 /* Build configuration list for PBXNativeTarget "fenzhi" */ = {
			isa = XCConfigurationList;
			buildConfigurations = (
				213BF8731F60317300D60AE5 /* Debug */,
				213BF8741F60317300D60AE5 /* Release */,
			);
			defaultConfigurationIsVisible = 0;
			defaultConfigurationName = Release;
		};
		213BF8751F60317300D60AE5 /* Build configuration list for PBXNativeTarget "fenzhiTests" */ = {
			isa = XCConfigurationList;
			buildConfigurations = (
				213BF8761F60317300D60AE5 /* Debug */,
				213BF8771F60317300D60AE5 /* Release */,
			);
			defaultConfigurationIsVisible = 0;
			defaultConfigurationName = Release;
		};
		213BF8781F60317300D60AE5 /* Build configuration list for PBXNativeTarget "fenzhiUITests" */ = {
			isa = XCConfigurationList;
			buildConfigurations = (
				213BF8791F60317300D60AE5 /* Debug */,
				213BF87A1F60317300D60AE5 /* Release */,
			);
			defaultConfigurationIsVisible = 0;
			defaultConfigurationName = Release;
		};
/* End XCConfigurationList section */
	};
	rootObject = 213BF8421F60317300D60AE5 /* Project object */;
}
